
Microsoft Visual Studio Solution File, Format Version 12.00
# Visual Studio Version 16
VisualStudioVersion = 16.0.31727.386
MinimumVisualStudioVersion = 10.0.40219.1
Project("{FAE04EC0-301F-11D3-BF4B-00C04F79EFBC}") = "TeleForm", "TeleForm\TeleForm.csproj", "{BDCAFD9B-EAB7-4679-BFD6-1C82B1B4415F}"
EndProject
Global
	GlobalSection(SolutionConfigurationPlatforms) = preSolution
		Debug|Any CPU = Debug|Any CPU
		Release|Any CPU = Release|Any CPU
	EndGlobalSection
	GlobalSection(ProjectConfigurationPlatforms) = postSolution
		{BDCAFD9B-EAB7-4679-BFD6-1C82B1B4415F}.Debug|Any CPU.ActiveCfg = Debug|Any CPU
		{BDCAFD9B-EAB7-4679-BFD6-1C82B1B4415F}.Debug|Any CPU.Build.0 = Debug|Any CPU
		{BDCAFD9B-EAB7-4679-BFD6-1C82B1B4415F}.Release|Any CPU.ActiveCfg = Release|Any CPU
		{BDCAFD9B-EAB7-4679-BFD6-1C82B1B4415F}.Release|Any CPU.Build.0 = Release|Any CPU
	EndGlobalSection
	GlobalSection(SolutionProperties) = preSolution
		HideSolutionNode = FALSE
	EndGlobalSection
	GlobalSection(ExtensibilityGlobals) = postSolution
		SolutionGuid = {8C15708D-59DC-4FE1-A941-A80F750C03EE}
	EndGlobalSection
EndGlobal
